
Microsoft Visual Studio Solution File, Format Version 12.00
# Visual Studio 2012
Project("{FAE04EC0-301F-11D3-BF4B-00C04F79EFBC}") = "Accordeur", "Accordeur\Accordeur.csproj", "{993CB118-C231-42D8-B9F7-D4BD8A58D099}"
EndProject
Project("{FAE04EC0-301F-11D3-BF4B-00C04F79EFBC}") = "libAccordeur", "libAccordeur\libAccordeur.csproj", "{5A25D305-77ED-483A-8568-A1792D1DC263}"
EndProject
Global
	GlobalSection(SolutionConfigurationPlatforms) = preSolution
		Debug|Any CPU = Debug|Any CPU
		Release|Any CPU = Release|Any CPU
	EndGlobalSection
	GlobalSection(ProjectConfigurationPlatforms) = postSolution
		{993CB118-C231-42D8-B9F7-D4BD8A58D099}.Debug|Any CPU.ActiveCfg = Debug|Any CPU
		{993CB118-C231-42D8-B9F7-D4BD8A58D099}.Debug|Any CPU.Build.0 = Debug|Any CPU
		{993CB118-C231-42D8-B9F7-D4BD8A58D099}.Release|Any CPU.ActiveCfg = Release|Any CPU
		{993CB118-C231-42D8-B9F7-D4BD8A58D099}.Release|Any CPU.Build.0 = Release|Any CPU
		{5A25D305-77ED-483A-8568-A1792D1DC263}.Debug|Any CPU.ActiveCfg = Debug|Any CPU
		{5A25D305-77ED-483A-8568-A1792D1DC263}.Debug|Any CPU.Build.0 = Debug|Any CPU
		{5A25D305-77ED-483A-8568-A1792D1DC263}.Release|Any CPU.ActiveCfg = Release|Any CPU
		{5A25D305-77ED-483A-8568-A1792D1DC263}.Release|Any CPU.Build.0 = Release|Any CPU
	EndGlobalSection
	GlobalSection(SolutionProperties) = preSolution
		HideSolutionNode = FALSE
	EndGlobalSection
EndGlobal
